
Microsoft Visual Studio Solution File, Format Version 12.00
# Visual Studio Version 17
VisualStudioVersion = 17.10.35122.118
MinimumVisualStudioVersion = 10.0.40219.1
Project("{9A19103F-16F7-4668-BE54-9A1E7A4F7556}") = "Guild.Manager.Api", "Guild.Manager.Api\Guild.Manager.Api.csproj", "{7D7DC0AF-18FE-416F-B0BD-A8F98224858E}"
EndProject
Project("{9A19103F-16F7-4668-BE54-9A1E7A4F7556}") = "WowApiService", "WowApiService\WowApiService.csproj", "{79E21FD9-564B-4AA8-B27A-742D5B4E740D}"
EndProject
Project("{9A19103F-16F7-4668-BE54-9A1E7A4F7556}") = "Guild.Manager.Application", "Guild.Manager.Application\Guild.Manager.Application.csproj", "{28E829B4-C5B2-43DE-AB13-506C93AFD9A2}"
EndProject
Project("{9A19103F-16F7-4668-BE54-9A1E7A4F7556}") = "Guild.Manager.Infrastructure", "Guild.Manager.Infrastructure\Guild.Manager.Infrastructure.csproj", "{B955EF04-C0A8-4EA6-A843-03457553E929}"
EndProject
Project("{E53339B2-1760-4266-BCC7-CA923CBCF16C}") = "docker-compose", "docker-compose.dcproj", "{CAD37D80-D6A0-4140-BD17-3F7954D93C8D}"
EndProject
Project("{2150E333-8FDC-42A3-9474-1A3956D46DE8}") = "Tests", "Tests", "{D517B803-05EB-446A-8A02-964875244BE6}"
EndProject
Project("{9A19103F-16F7-4668-BE54-9A1E7A4F7556}") = "Guild.Manager.Integration.Tests", "Guild.Manager.Integration.Tests\Guild.Manager.Integration.Tests.csproj", "{8D6CE857-9117-4F1E-93FA-ADC240967992}"
EndProject
Project("{9A19103F-16F7-4668-BE54-9A1E7A4F7556}") = "Guild.Manager.Domain", "Guild.Manager.Domain\Guild.Manager.Domain.csproj", "{277AC89E-4F8B-40DC-B861-095A7432D71D}"
EndProject
Global
	GlobalSection(SolutionConfigurationPlatforms) = preSolution
		Debug|Any CPU = Debug|Any CPU
		Release|Any CPU = Release|Any CPU
	EndGlobalSection
	GlobalSection(ProjectConfigurationPlatforms) = postSolution
		{7D7DC0AF-18FE-416F-B0BD-A8F98224858E}.Debug|Any CPU.ActiveCfg = Debug|Any CPU
		{7D7DC0AF-18FE-416F-B0BD-A8F98224858E}.Debug|Any CPU.Build.0 = Debug|Any CPU
		{7D7DC0AF-18FE-416F-B0BD-A8F98224858E}.Release|Any CPU.ActiveCfg = Release|Any CPU
		{7D7DC0AF-18FE-416F-B0BD-A8F98224858E}.Release|Any CPU.Build.0 = Release|Any CPU
		{79E21FD9-564B-4AA8-B27A-742D5B4E740D}.Debug|Any CPU.ActiveCfg = Debug|Any CPU
		{79E21FD9-564B-4AA8-B27A-742D5B4E740D}.Debug|Any CPU.Build.0 = Debug|Any CPU
		{79E21FD9-564B-4AA8-B27A-742D5B4E740D}.Release|Any CPU.ActiveCfg = Release|Any CPU
		{79E21FD9-564B-4AA8-B27A-742D5B4E740D}.Release|Any CPU.Build.0 = Release|Any CPU
		{28E829B4-C5B2-43DE-AB13-506C93AFD9A2}.Debug|Any CPU.ActiveCfg = Debug|Any CPU
		{28E829B4-C5B2-43DE-AB13-506C93AFD9A2}.Debug|Any CPU.Build.0 = Debug|Any CPU
		{28E829B4-C5B2-43DE-AB13-506C93AFD9A2}.Release|Any CPU.ActiveCfg = Release|Any CPU
		{28E829B4-C5B2-43DE-AB13-506C93AFD9A2}.Release|Any CPU.Build.0 = Release|Any CPU
		{B955EF04-C0A8-4EA6-A843-03457553E929}.Debug|Any CPU.ActiveCfg = Debug|Any CPU
		{B955EF04-C0A8-4EA6-A843-03457553E929}.Debug|Any CPU.Build.0 = Debug|Any CPU
		{B955EF04-C0A8-4EA6-A843-03457553E929}.Release|Any CPU.ActiveCfg = Release|Any CPU
		{B955EF04-C0A8-4EA6-A843-03457553E929}.Release|Any CPU.Build.0 = Release|Any CPU
		{CAD37D80-D6A0-4140-BD17-3F7954D93C8D}.Debug|Any CPU.ActiveCfg = Debug|Any CPU
		{CAD37D80-D6A0-4140-BD17-3F7954D93C8D}.Debug|Any CPU.Build.0 = Debug|Any CPU
		{CAD37D80-D6A0-4140-BD17-3F7954D93C8D}.Release|Any CPU.ActiveCfg = Release|Any CPU
		{CAD37D80-D6A0-4140-BD17-3F7954D93C8D}.Release|Any CPU.Build.0 = Release|Any CPU
		{8D6CE857-9117-4F1E-93FA-ADC240967992}.Debug|Any CPU.ActiveCfg = Debug|Any CPU
		{8D6CE857-9117-4F1E-93FA-ADC240967992}.Debug|Any CPU.Build.0 = Debug|Any CPU
		{8D6CE857-9117-4F1E-93FA-ADC240967992}.Release|Any CPU.ActiveCfg = Release|Any CPU
		{8D6CE857-9117-4F1E-93FA-ADC240967992}.Release|Any CPU.Build.0 = Release|Any CPU
		{277AC89E-4F8B-40DC-B861-095A7432D71D}.Debug|Any CPU.ActiveCfg = Debug|Any CPU
		{277AC89E-4F8B-40DC-B861-095A7432D71D}.Debug|Any CPU.Build.0 = Debug|Any CPU
		{277AC89E-4F8B-40DC-B861-095A7432D71D}.Release|Any CPU.ActiveCfg = Release|Any CPU
		{277AC89E-4F8B-40DC-B861-095A7432D71D}.Release|Any CPU.Build.0 = Release|Any CPU
	EndGlobalSection
	GlobalSection(SolutionProperties) = preSolution
		HideSolutionNode = FALSE
	EndGlobalSection
	GlobalSection(NestedProjects) = preSolution
		{8D6CE857-9117-4F1E-93FA-ADC240967992} = {D517B803-05EB-446A-8A02-964875244BE6}
	EndGlobalSection
	GlobalSection(ExtensibilityGlobals) = postSolution
		SolutionGuid = {6022E437-B583-4034-879B-2427A8D2DC04}
	EndGlobalSection
EndGlobal
