
Microsoft Visual Studio Solution File, Format Version 12.00
# Visual Studio Version 17
VisualStudioVersion = 17.10.35122.118
MinimumVisualStudioVersion = 10.0.40219.1
Project("{FAE04EC0-301F-11D3-BF4B-00C04F79EFBC}") = "Guild.Manager.Api", "Guild.Manager.Api\Guild.Manager.Api.csproj", "{7D7DC0AF-18FE-416F-B0BD-A8F98224858E}"
EndProject
Project("{FAE04EC0-301F-11D3-BF4B-00C04F79EFBC}") = "WowApiService", "WowApiService\WowApiService.csproj", "{79E21FD9-564B-4AA8-B27A-742D5B4E740D}"
EndProject
Project("{FAE04EC0-301F-11D3-BF4B-00C04F79EFBC}") = "Guild.Manager.Application", "Guild.Manager.Application\Guild.Manager.Application.csproj", "{28E829B4-C5B2-43DE-AB13-506C93AFD9A2}"
EndProject
Project("{FAE04EC0-301F-11D3-BF4B-00C04F79EFBC}") = "Guild.Manager.Infrastructure", "Guild.Manager.Infrastructure\Guild.Manager.Infrastructure.csproj", "{B955EF04-C0A8-4EA6-A843-03457553E929}"
EndProject
Project("{E53339B2-1760-4266-BCC7-CA923CBCF16C}") = "docker-compose", "docker-compose.dcproj", "{CAD37D80-D6A0-4140-BD17-3F7954D93C8D}"
EndProject
Global
	GlobalSection(SolutionConfigurationPlatforms) = preSolution
		Debug|Any CPU = Debug|Any CPU
		Release|Any CPU = Release|Any CPU
	EndGlobalSection
	GlobalSection(ProjectConfigurationPlatforms) = postSolution
		{7D7DC0AF-18FE-416F-B0BD-A8F98224858E}.Debug|Any CPU.ActiveCfg = Debug|Any CPU
		{7D7DC0AF-18FE-416F-B0BD-A8F98224858E}.Debug|Any CPU.Build.0 = Debug|Any CPU
		{7D7DC0AF-18FE-416F-B0BD-A8F98224858E}.Release|Any CPU.ActiveCfg = Release|Any CPU
		{7D7DC0AF-18FE-416F-B0BD-A8F98224858E}.Release|Any CPU.Build.0 = Release|Any CPU
		{79E21FD9-564B-4AA8-B27A-742D5B4E740D}.Debug|Any CPU.ActiveCfg = Debug|Any CPU
		{79E21FD9-564B-4AA8-B27A-742D5B4E740D}.Debug|Any CPU.Build.0 = Debug|Any CPU
		{79E21FD9-564B-4AA8-B27A-742D5B4E740D}.Release|Any CPU.ActiveCfg = Release|Any CPU
		{79E21FD9-564B-4AA8-B27A-742D5B4E740D}.Release|Any CPU.Build.0 = Release|Any CPU
		{28E829B4-C5B2-43DE-AB13-506C93AFD9A2}.Debug|Any CPU.ActiveCfg = Debug|Any CPU
		{28E829B4-C5B2-43DE-AB13-506C93AFD9A2}.Debug|Any CPU.Build.0 = Debug|Any CPU
		{28E829B4-C5B2-43DE-AB13-506C93AFD9A2}.Release|Any CPU.ActiveCfg = Release|Any CPU
		{28E829B4-C5B2-43DE-AB13-506C93AFD9A2}.Release|Any CPU.Build.0 = Release|Any CPU
		{B955EF04-C0A8-4EA6-A843-03457553E929}.Debug|Any CPU.ActiveCfg = Debug|Any CPU
		{B955EF04-C0A8-4EA6-A843-03457553E929}.Debug|Any CPU.Build.0 = Debug|Any CPU
		{B955EF04-C0A8-4EA6-A843-03457553E929}.Release|Any CPU.ActiveCfg = Release|Any CPU
		{B955EF04-C0A8-4EA6-A843-03457553E929}.Release|Any CPU.Build.0 = Release|Any CPU
		{CAD37D80-D6A0-4140-BD17-3F7954D93C8D}.Debug|Any CPU.ActiveCfg = Debug|Any CPU
		{CAD37D80-D6A0-4140-BD17-3F7954D93C8D}.Debug|Any CPU.Build.0 = Debug|Any CPU
		{CAD37D80-D6A0-4140-BD17-3F7954D93C8D}.Release|Any CPU.ActiveCfg = Release|Any CPU
		{CAD37D80-D6A0-4140-BD17-3F7954D93C8D}.Release|Any CPU.Build.0 = Release|Any CPU
	EndGlobalSection
	GlobalSection(SolutionProperties) = preSolution
		HideSolutionNode = FALSE
	EndGlobalSection
	GlobalSection(ExtensibilityGlobals) = postSolution
		SolutionGuid = {6022E437-B583-4034-879B-2427A8D2DC04}
	EndGlobalSection
EndGlobal
